
Microsoft Visual Studio Solution File, Format Version 12.00
# Visual Studio Version 17
VisualStudioVersion = 17.14.36212.18
MinimumVisualStudioVersion = 10.0.40219.1
Project("{FAE04EC0-301F-11D3-BF4B-00C04F79EFBC}") = "casestudy-oops", "casestudy-oops\casestudy-oops.csproj", "{F3087A23-FBDA-4114-BF9B-78CA6FABC3DC}"
EndProject
Project("{FAE04EC0-301F-11D3-BF4B-00C04F79EFBC}") = "TestProject1", "TestProject1\TestProject1.csproj", "{699E1177-13DF-4915-948A-15FEEDE4EA0F}"
EndProject
Global
	GlobalSection(SolutionConfigurationPlatforms) = preSolution
		Debug|Any CPU = Debug|Any CPU
		Release|Any CPU = Release|Any CPU
	EndGlobalSection
	GlobalSection(ProjectConfigurationPlatforms) = postSolution
		{F3087A23-FBDA-4114-BF9B-78CA6FABC3DC}.Debug|Any CPU.ActiveCfg = Debug|Any CPU
		{F3087A23-FBDA-4114-BF9B-78CA6FABC3DC}.Debug|Any CPU.Build.0 = Debug|Any CPU
		{F3087A23-FBDA-4114-BF9B-78CA6FABC3DC}.Release|Any CPU.ActiveCfg = Release|Any CPU
		{F3087A23-FBDA-4114-BF9B-78CA6FABC3DC}.Release|Any CPU.Build.0 = Release|Any CPU
		{699E1177-13DF-4915-948A-15FEEDE4EA0F}.Debug|Any CPU.ActiveCfg = Debug|Any CPU
		{699E1177-13DF-4915-948A-15FEEDE4EA0F}.Debug|Any CPU.Build.0 = Debug|Any CPU
		{699E1177-13DF-4915-948A-15FEEDE4EA0F}.Release|Any CPU.ActiveCfg = Release|Any CPU
		{699E1177-13DF-4915-948A-15FEEDE4EA0F}.Release|Any CPU.Build.0 = Release|Any CPU
	EndGlobalSection
	GlobalSection(SolutionProperties) = preSolution
		HideSolutionNode = FALSE
	EndGlobalSection
	GlobalSection(ExtensibilityGlobals) = postSolution
		SolutionGuid = {96FE5366-C4F9-4782-BDA9-62BA5F27C11D}
	EndGlobalSection
EndGlobal
